
Microsoft Visual Studio Solution File, Format Version 12.00
# Visual Studio Version 17
VisualStudioVersion = 17.8.34316.72
MinimumVisualStudioVersion = 10.0.40219.1
Project("{FAE04EC0-301F-11D3-BF4B-00C04F79EFBC}") = "T_grow", "T_grow\T_grow.csproj", "{29FDF314-7C4E-482E-85F7-39BD6EE7E2F3}"
EndProject
Global
	GlobalSection(SolutionConfigurationPlatforms) = preSolution
		Debug|Any CPU = Debug|Any CPU
		Release|Any CPU = Release|Any CPU
	EndGlobalSection
	GlobalSection(ProjectConfigurationPlatforms) = postSolution
		{29FDF314-7C4E-482E-85F7-39BD6EE7E2F3}.Debug|Any CPU.ActiveCfg = Debug|Any CPU
		{29FDF314-7C4E-482E-85F7-39BD6EE7E2F3}.Debug|Any CPU.Build.0 = Debug|Any CPU
		{29FDF314-7C4E-482E-85F7-39BD6EE7E2F3}.Release|Any CPU.ActiveCfg = Release|Any CPU
		{29FDF314-7C4E-482E-85F7-39BD6EE7E2F3}.Release|Any CPU.Build.0 = Release|Any CPU
	EndGlobalSection
	GlobalSection(SolutionProperties) = preSolution
		HideSolutionNode = FALSE
	EndGlobalSection
	GlobalSection(ExtensibilityGlobals) = postSolution
		SolutionGuid = {A86CF76F-79FC-4FC5-B3B0-8DAFF4225D18}
	EndGlobalSection
EndGlobal
